
Microsoft Visual Studio Solution File, Format Version 12.00
# Visual Studio Version 17
VisualStudioVersion = 17.9.34616.47
MinimumVisualStudioVersion = 10.0.40219.1
Project("{FAE04EC0-301F-11D3-BF4B-00C04F79EFBC}") = "JobSearchApplication", "JobSearchApplication.csproj", "{77956B92-9BBE-4474-8092-AE00157BA710}"
EndProject
Global
	GlobalSection(SolutionConfigurationPlatforms) = preSolution
		Debug|Any CPU = Debug|Any CPU
		Release|Any CPU = Release|Any CPU
	EndGlobalSection
	GlobalSection(ProjectConfigurationPlatforms) = postSolution
		{77956B92-9BBE-4474-8092-AE00157BA710}.Debug|Any CPU.ActiveCfg = Debug|Any CPU
		{77956B92-9BBE-4474-8092-AE00157BA710}.Debug|Any CPU.Build.0 = Debug|Any CPU
		{77956B92-9BBE-4474-8092-AE00157BA710}.Release|Any CPU.ActiveCfg = Release|Any CPU
		{77956B92-9BBE-4474-8092-AE00157BA710}.Release|Any CPU.Build.0 = Release|Any CPU
	EndGlobalSection
	GlobalSection(SolutionProperties) = preSolution
		HideSolutionNode = FALSE
	EndGlobalSection
	GlobalSection(ExtensibilityGlobals) = postSolution
		SolutionGuid = {B0B11DC0-09E8-47B7-935A-7335C4CEA647}
	EndGlobalSection
EndGlobal
